{
  "requires": true,
  "lockfileVersion": 1,
  "dependencies": {
    "vue-ckeditor2": {
      "version": "2.1.5",
      "resolved": "https://registry.npmjs.org/vue-ckeditor2/-/vue-ckeditor2-2.1.5.tgz",
      "integrity": "sha512-8aDxfu4Yhfba8b/TPWLEq2qXEasyBvIx5+QPlg1yHe+U3qfKwKBeplQFtQmZN6W8EtDeKEz+AAHn+ALgJMDRsQ=="
    }
  }
}
